
Microsoft Visual Studio Solution File, Format Version 12.00
# Visual Studio Version 16
VisualStudioVersion = 16.0.30104.148
MinimumVisualStudioVersion = 10.0.40219.1
Project("{FAE04EC0-301F-11D3-BF4B-00C04F79EFBC}") = "WindowsFormsApp2", "WindowsFormsApp2\WindowsFormsApp2.csproj", "{F4B0B7FD-5316-41F4-B79E-EE4C5FEB8449}"
EndProject
Global
	GlobalSection(SolutionConfigurationPlatforms) = preSolution
		Debug|Any CPU = Debug|Any CPU
		Release|Any CPU = Release|Any CPU
	EndGlobalSection
	GlobalSection(ProjectConfigurationPlatforms) = postSolution
		{F4B0B7FD-5316-41F4-B79E-EE4C5FEB8449}.Debug|Any CPU.ActiveCfg = Debug|Any CPU
		{F4B0B7FD-5316-41F4-B79E-EE4C5FEB8449}.Debug|Any CPU.Build.0 = Debug|Any CPU
		{F4B0B7FD-5316-41F4-B79E-EE4C5FEB8449}.Release|Any CPU.ActiveCfg = Release|Any CPU
		{F4B0B7FD-5316-41F4-B79E-EE4C5FEB8449}.Release|Any CPU.Build.0 = Release|Any CPU
	EndGlobalSection
	GlobalSection(SolutionProperties) = preSolution
		HideSolutionNode = FALSE
	EndGlobalSection
	GlobalSection(ExtensibilityGlobals) = postSolution
		SolutionGuid = {A514325D-97E0-4377-862C-312118A8E4AB}
	EndGlobalSection
EndGlobal
